
Microsoft Visual Studio Solution File, Format Version 12.00
# Visual Studio 15
VisualStudioVersion = 15.0.27130.2010
MinimumVisualStudioVersion = 10.0.40219.1
Project("{FAE04EC0-301F-11D3-BF4B-00C04F79EFBC}") = "theshirtshopApp.Android", "theshirtshopApp\theshirtshopApp.Android\theshirtshopApp.Android.csproj", "{760125BE-4B25-4DEA-AA2C-6FEE8CB52EEE}"
EndProject
Project("{FAE04EC0-301F-11D3-BF4B-00C04F79EFBC}") = "theshirtshopApp", "theshirtshopApp\theshirtshopApp\theshirtshopApp.csproj", "{5679DFE6-5478-46F7-B074-4C5B6FDED0C7}"
EndProject
Global
	GlobalSection(SolutionConfigurationPlatforms) = preSolution
		Ad-Hoc|Any CPU = Ad-Hoc|Any CPU
		Ad-Hoc|iPhone = Ad-Hoc|iPhone
		Ad-Hoc|iPhoneSimulator = Ad-Hoc|iPhoneSimulator
		AppStore|Any CPU = AppStore|Any CPU
		AppStore|iPhone = AppStore|iPhone
		AppStore|iPhoneSimulator = AppStore|iPhoneSimulator
		Debug|Any CPU = Debug|Any CPU
		Debug|iPhone = Debug|iPhone
		Debug|iPhoneSimulator = Debug|iPhoneSimulator
		Release|Any CPU = Release|Any CPU
		Release|iPhone = Release|iPhone
		Release|iPhoneSimulator = Release|iPhoneSimulator
	EndGlobalSection
	GlobalSection(ProjectConfigurationPlatforms) = postSolution
		{760125BE-4B25-4DEA-AA2C-6FEE8CB52EEE}.Ad-Hoc|Any CPU.ActiveCfg = Release|Any CPU
		{760125BE-4B25-4DEA-AA2C-6FEE8CB52EEE}.Ad-Hoc|Any CPU.Build.0 = Release|Any CPU
		{760125BE-4B25-4DEA-AA2C-6FEE8CB52EEE}.Ad-Hoc|Any CPU.Deploy.0 = Release|Any CPU
		{760125BE-4B25-4DEA-AA2C-6FEE8CB52EEE}.Ad-Hoc|iPhone.ActiveCfg = Release|Any CPU
		{760125BE-4B25-4DEA-AA2C-6FEE8CB52EEE}.Ad-Hoc|iPhone.Build.0 = Release|Any CPU
		{760125BE-4B25-4DEA-AA2C-6FEE8CB52EEE}.Ad-Hoc|iPhone.Deploy.0 = Release|Any CPU
		{760125BE-4B25-4DEA-AA2C-6FEE8CB52EEE}.Ad-Hoc|iPhoneSimulator.ActiveCfg = Release|Any CPU
		{760125BE-4B25-4DEA-AA2C-6FEE8CB52EEE}.Ad-Hoc|iPhoneSimulator.Build.0 = Release|Any CPU
		{760125BE-4B25-4DEA-AA2C-6FEE8CB52EEE}.Ad-Hoc|iPhoneSimulator.Deploy.0 = Release|Any CPU
		{760125BE-4B25-4DEA-AA2C-6FEE8CB52EEE}.AppStore|Any CPU.ActiveCfg = Release|Any CPU
		{760125BE-4B25-4DEA-AA2C-6FEE8CB52EEE}.AppStore|Any CPU.Build.0 = Release|Any CPU
		{760125BE-4B25-4DEA-AA2C-6FEE8CB52EEE}.AppStore|Any CPU.Deploy.0 = Release|Any CPU
		{760125BE-4B25-4DEA-AA2C-6FEE8CB52EEE}.AppStore|iPhone.ActiveCfg = Release|Any CPU
		{760125BE-4B25-4DEA-AA2C-6FEE8CB52EEE}.AppStore|iPhone.Build.0 = Release|Any CPU
		{760125BE-4B25-4DEA-AA2C-6FEE8CB52EEE}.AppStore|iPhone.Deploy.0 = Release|Any CPU
		{760125BE-4B25-4DEA-AA2C-6FEE8CB52EEE}.AppStore|iPhoneSimulator.ActiveCfg = Release|Any CPU
		{760125BE-4B25-4DEA-AA2C-6FEE8CB52EEE}.AppStore|iPhoneSimulator.Build.0 = Release|Any CPU
		{760125BE-4B25-4DEA-AA2C-6FEE8CB52EEE}.AppStore|iPhoneSimulator.Deploy.0 = Release|Any CPU
		{760125BE-4B25-4DEA-AA2C-6FEE8CB52EEE}.Debug|Any CPU.ActiveCfg = Debug|Any CPU
		{760125BE-4B25-4DEA-AA2C-6FEE8CB52EEE}.Debug|Any CPU.Build.0 = Debug|Any CPU
		{760125BE-4B25-4DEA-AA2C-6FEE8CB52EEE}.Debug|Any CPU.Deploy.0 = Debug|Any CPU
		{760125BE-4B25-4DEA-AA2C-6FEE8CB52EEE}.Debug|iPhone.ActiveCfg = Debug|Any CPU
		{760125BE-4B25-4DEA-AA2C-6FEE8CB52EEE}.Debug|iPhone.Build.0 = Debug|Any CPU
		{760125BE-4B25-4DEA-AA2C-6FEE8CB52EEE}.Debug|iPhone.Deploy.0 = Debug|Any CPU
		{760125BE-4B25-4DEA-AA2C-6FEE8CB52EEE}.Debug|iPhoneSimulator.ActiveCfg = Debug|Any CPU
		{760125BE-4B25-4DEA-AA2C-6FEE8CB52EEE}.Debug|iPhoneSimulator.Build.0 = Debug|Any CPU
		{760125BE-4B25-4DEA-AA2C-6FEE8CB52EEE}.Debug|iPhoneSimulator.Deploy.0 = Debug|Any CPU
		{760125BE-4B25-4DEA-AA2C-6FEE8CB52EEE}.Release|Any CPU.ActiveCfg = Release|Any CPU
		{760125BE-4B25-4DEA-AA2C-6FEE8CB52EEE}.Release|Any CPU.Build.0 = Release|Any CPU
		{760125BE-4B25-4DEA-AA2C-6FEE8CB52EEE}.Release|Any CPU.Deploy.0 = Release|Any CPU
		{760125BE-4B25-4DEA-AA2C-6FEE8CB52EEE}.Release|iPhone.ActiveCfg = Release|Any CPU
		{760125BE-4B25-4DEA-AA2C-6FEE8CB52EEE}.Release|iPhone.Build.0 = Release|Any CPU
		{760125BE-4B25-4DEA-AA2C-6FEE8CB52EEE}.Release|iPhone.Deploy.0 = Release|Any CPU
		{760125BE-4B25-4DEA-AA2C-6FEE8CB52EEE}.Release|iPhoneSimulator.ActiveCfg = Release|Any CPU
		{760125BE-4B25-4DEA-AA2C-6FEE8CB52EEE}.Release|iPhoneSimulator.Build.0 = Release|Any CPU
		{760125BE-4B25-4DEA-AA2C-6FEE8CB52EEE}.Release|iPhoneSimulator.Deploy.0 = Release|Any CPU
		{5679DFE6-5478-46F7-B074-4C5B6FDED0C7}.Ad-Hoc|Any CPU.ActiveCfg = Release|Any CPU
		{5679DFE6-5478-46F7-B074-4C5B6FDED0C7}.Ad-Hoc|Any CPU.Build.0 = Release|Any CPU
		{5679DFE6-5478-46F7-B074-4C5B6FDED0C7}.Ad-Hoc|iPhone.ActiveCfg = Release|Any CPU
		{5679DFE6-5478-46F7-B074-4C5B6FDED0C7}.Ad-Hoc|iPhone.Build.0 = Release|Any CPU
		{5679DFE6-5478-46F7-B074-4C5B6FDED0C7}.Ad-Hoc|iPhoneSimulator.ActiveCfg = Release|Any CPU
		{5679DFE6-5478-46F7-B074-4C5B6FDED0C7}.Ad-Hoc|iPhoneSimulator.Build.0 = Release|Any CPU
		{5679DFE6-5478-46F7-B074-4C5B6FDED0C7}.AppStore|Any CPU.ActiveCfg = Release|Any CPU
		{5679DFE6-5478-46F7-B074-4C5B6FDED0C7}.AppStore|Any CPU.Build.0 = Release|Any CPU
		{5679DFE6-5478-46F7-B074-4C5B6FDED0C7}.AppStore|iPhone.ActiveCfg = Release|Any CPU
		{5679DFE6-5478-46F7-B074-4C5B6FDED0C7}.AppStore|iPhone.Build.0 = Release|Any CPU
		{5679DFE6-5478-46F7-B074-4C5B6FDED0C7}.AppStore|iPhoneSimulator.ActiveCfg = Release|Any CPU
		{5679DFE6-5478-46F7-B074-4C5B6FDED0C7}.AppStore|iPhoneSimulator.Build.0 = Release|Any CPU
		{5679DFE6-5478-46F7-B074-4C5B6FDED0C7}.Debug|Any CPU.ActiveCfg = Debug|Any CPU
		{5679DFE6-5478-46F7-B074-4C5B6FDED0C7}.Debug|Any CPU.Build.0 = Debug|Any CPU
		{5679DFE6-5478-46F7-B074-4C5B6FDED0C7}.Debug|iPhone.ActiveCfg = Debug|Any CPU
		{5679DFE6-5478-46F7-B074-4C5B6FDED0C7}.Debug|iPhone.Build.0 = Debug|Any CPU
		{5679DFE6-5478-46F7-B074-4C5B6FDED0C7}.Debug|iPhoneSimulator.ActiveCfg = Debug|Any CPU
		{5679DFE6-5478-46F7-B074-4C5B6FDED0C7}.Debug|iPhoneSimulator.Build.0 = Debug|Any CPU
		{5679DFE6-5478-46F7-B074-4C5B6FDED0C7}.Release|Any CPU.ActiveCfg = Release|Any CPU
		{5679DFE6-5478-46F7-B074-4C5B6FDED0C7}.Release|Any CPU.Build.0 = Release|Any CPU
		{5679DFE6-5478-46F7-B074-4C5B6FDED0C7}.Release|iPhone.ActiveCfg = Release|Any CPU
		{5679DFE6-5478-46F7-B074-4C5B6FDED0C7}.Release|iPhone.Build.0 = Release|Any CPU
		{5679DFE6-5478-46F7-B074-4C5B6FDED0C7}.Release|iPhoneSimulator.ActiveCfg = Release|Any CPU
		{5679DFE6-5478-46F7-B074-4C5B6FDED0C7}.Release|iPhoneSimulator.Build.0 = Release|Any CPU
	EndGlobalSection
	GlobalSection(SolutionProperties) = preSolution
		HideSolutionNode = FALSE
	EndGlobalSection
	GlobalSection(ExtensibilityGlobals) = postSolution
		SolutionGuid = {17E896B5-DE05-4BEB-9657-10D08F00D26F}
	EndGlobalSection
EndGlobal
